
Microsoft Visual Studio Solution File, Format Version 12.00
# Visual Studio 14
VisualStudioVersion = 14.0.25420.1
MinimumVisualStudioVersion = 10.0.40219.1
Project("{8BC9CEB8-8B4A-11D0-8D11-00A0C91BC942}") = "LearnOpenGL-Basic", "LearnOpenGL\LearnOpenGL.vcxproj", "{14D77E61-C665-4F08-A687-75863B724F66}"
EndProject
Project("{8BC9CEB8-8B4A-11D0-8D11-00A0C91BC942}") = "LearnOpenGL-DepthTest", "LearnOpenGL\LearnOpenGL-DepthTest.vcxproj", "{9E33B45C-597F-4F7E-A830-C97E1E4C065E}"
EndProject
Project("{8BC9CEB8-8B4A-11D0-8D11-00A0C91BC942}") = "LearnOpenGL-Stencil", "LearnOpenGL\LearnOpenGL-Stencil.vcxproj", "{42062B10-E9FE-44D9-8B57-2E7A2E563A0F}"
EndProject
Project("{8BC9CEB8-8B4A-11D0-8D11-00A0C91BC942}") = "LearnOpenGL-Blending", "LearnOpenGL\LearnOpenGL-Blending.vcxproj", "{1D525251-191E-47FB-8E30-60DB7748527D}"
EndProject
Project("{8BC9CEB8-8B4A-11D0-8D11-00A0C91BC942}") = "LearnOpenGL-FaceCulling", "LearnOpenGL\LearnOpenGL-FaceCulling.vcxproj", "{82EB1B94-EEE8-4188-AB64-D332C0687043}"
EndProject
Project("{8BC9CEB8-8B4A-11D0-8D11-00A0C91BC942}") = "LearnOpenGL-FrameBuffer", "LearnOpenGL\LearnOpenGL-FrameBuffer.vcxproj", "{291989F6-4CC6-4B63-81F4-2340D9884984}"
EndProject
Project("{8BC9CEB8-8B4A-11D0-8D11-00A0C91BC942}") = "LearnOpenGL-Cubemaps", "LearnOpenGL\LearnOpenGL-Cubemaps.vcxproj", "{7B9E09E8-AED7-4ED4-BBC9-C9B5D9811C82}"
EndProject
Project("{8BC9CEB8-8B4A-11D0-8D11-00A0C91BC942}") = "LearnOpenGL-GeometryHouses", "LearnOpenGL\LearnOpenGL-GeometryHouses.vcxproj", "{CB3F92E2-6D40-4789-91F3-3B3DE028EEA7}"
EndProject
Project("{8BC9CEB8-8B4A-11D0-8D11-00A0C91BC942}") = "LearnOpenGL-GeometryExploding", "LearnOpenGL\LearnOpenGL-GeometryExploding.vcxproj", "{5854EEEE-9C78-46B3-9E91-F2AE7E059B4E}"
EndProject
Project("{8BC9CEB8-8B4A-11D0-8D11-00A0C91BC942}") = "LearnOpenGL-GeometryNormalViz", "LearnOpenGL\LearnOpenGL-GeometryNormalViz.vcxproj", "{DDDB2772-8B6B-41CD-88A8-220B44735931}"
EndProject
Project("{8BC9CEB8-8B4A-11D0-8D11-00A0C91BC942}") = "LearnOpenGL-SimpleInstancing", "LearnOpenGL\LearnOpenGL-SimpleInstancing.vcxproj", "{9C45DA67-11CE-4245-817F-597FB3AB9F89}"
EndProject
Project("{8BC9CEB8-8B4A-11D0-8D11-00A0C91BC942}") = "LearnOpenGL-AsteroidInstancing", "LearnOpenGL\LearnOpenGL-AsteroidInstancing.vcxproj", "{04D0653B-DFBF-4DEA-B3BB-12E47224EAE7}"
EndProject
Project("{8BC9CEB8-8B4A-11D0-8D11-00A0C91BC942}") = "LearnOpenGL-MSAA", "LearnOpenGL\LearnOpenGL-MSAA.vcxproj", "{342A6746-C5F5-4D16-9ADC-C0F402817508}"
EndProject
Project("{8BC9CEB8-8B4A-11D0-8D11-00A0C91BC942}") = "LearnOpenGL-MSAAOffscreen", "LearnOpenGL\LearnOpenGL-MSAAOffscreen.vcxproj", "{1B4C6935-E1DD-478F-B044-26286653B9C9}"
EndProject
Project("{8BC9CEB8-8B4A-11D0-8D11-00A0C91BC942}") = "LearnOpenGL-BlinnPhong", "LearnOpenGL\LearnOpenGL-BlinnPhong.vcxproj", "{E171A027-F94F-4D64-8BB3-8A02CFA1B252}"
EndProject
Global
	GlobalSection(SolutionConfigurationPlatforms) = preSolution
		Debug|x64 = Debug|x64
		Debug|x86 = Debug|x86
		Release|x64 = Release|x64
		Release|x86 = Release|x86
	EndGlobalSection
	GlobalSection(ProjectConfigurationPlatforms) = postSolution
		{14D77E61-C665-4F08-A687-75863B724F66}.Debug|x64.ActiveCfg = Debug|x64
		{14D77E61-C665-4F08-A687-75863B724F66}.Debug|x64.Build.0 = Debug|x64
		{14D77E61-C665-4F08-A687-75863B724F66}.Debug|x86.ActiveCfg = Debug|Win32
		{14D77E61-C665-4F08-A687-75863B724F66}.Debug|x86.Build.0 = Debug|Win32
		{14D77E61-C665-4F08-A687-75863B724F66}.Release|x64.ActiveCfg = Release|x64
		{14D77E61-C665-4F08-A687-75863B724F66}.Release|x64.Build.0 = Release|x64
		{14D77E61-C665-4F08-A687-75863B724F66}.Release|x86.ActiveCfg = Release|Win32
		{14D77E61-C665-4F08-A687-75863B724F66}.Release|x86.Build.0 = Release|Win32
		{9E33B45C-597F-4F7E-A830-C97E1E4C065E}.Debug|x64.ActiveCfg = Debug|x64
		{9E33B45C-597F-4F7E-A830-C97E1E4C065E}.Debug|x64.Build.0 = Debug|x64
		{9E33B45C-597F-4F7E-A830-C97E1E4C065E}.Debug|x86.ActiveCfg = Debug|Win32
		{9E33B45C-597F-4F7E-A830-C97E1E4C065E}.Debug|x86.Build.0 = Debug|Win32
		{9E33B45C-597F-4F7E-A830-C97E1E4C065E}.Release|x64.ActiveCfg = Release|x64
		{9E33B45C-597F-4F7E-A830-C97E1E4C065E}.Release|x64.Build.0 = Release|x64
		{9E33B45C-597F-4F7E-A830-C97E1E4C065E}.Release|x86.ActiveCfg = Release|Win32
		{9E33B45C-597F-4F7E-A830-C97E1E4C065E}.Release|x86.Build.0 = Release|Win32
		{42062B10-E9FE-44D9-8B57-2E7A2E563A0F}.Debug|x64.ActiveCfg = Debug|x64
		{42062B10-E9FE-44D9-8B57-2E7A2E563A0F}.Debug|x64.Build.0 = Debug|x64
		{42062B10-E9FE-44D9-8B57-2E7A2E563A0F}.Debug|x86.ActiveCfg = Debug|Win32
		{42062B10-E9FE-44D9-8B57-2E7A2E563A0F}.Debug|x86.Build.0 = Debug|Win32
		{42062B10-E9FE-44D9-8B57-2E7A2E563A0F}.Release|x64.ActiveCfg = Release|x64
		{42062B10-E9FE-44D9-8B57-2E7A2E563A0F}.Release|x64.Build.0 = Release|x64
		{42062B10-E9FE-44D9-8B57-2E7A2E563A0F}.Release|x86.ActiveCfg = Release|Win32
		{42062B10-E9FE-44D9-8B57-2E7A2E563A0F}.Release|x86.Build.0 = Release|Win32
		{1D525251-191E-47FB-8E30-60DB7748527D}.Debug|x64.ActiveCfg = Debug|x64
		{1D525251-191E-47FB-8E30-60DB7748527D}.Debug|x64.Build.0 = Debug|x64
		{1D525251-191E-47FB-8E30-60DB7748527D}.Debug|x86.ActiveCfg = Debug|Win32
		{1D525251-191E-47FB-8E30-60DB7748527D}.Debug|x86.Build.0 = Debug|Win32
		{1D525251-191E-47FB-8E30-60DB7748527D}.Release|x64.ActiveCfg = Release|x64
		{1D525251-191E-47FB-8E30-60DB7748527D}.Release|x64.Build.0 = Release|x64
		{1D525251-191E-47FB-8E30-60DB7748527D}.Release|x86.ActiveCfg = Release|Win32
		{1D525251-191E-47FB-8E30-60DB7748527D}.Release|x86.Build.0 = Release|Win32
		{82EB1B94-EEE8-4188-AB64-D332C0687043}.Debug|x64.ActiveCfg = Debug|x64
		{82EB1B94-EEE8-4188-AB64-D332C0687043}.Debug|x64.Build.0 = Debug|x64
		{82EB1B94-EEE8-4188-AB64-D332C0687043}.Debug|x86.ActiveCfg = Debug|Win32
		{82EB1B94-EEE8-4188-AB64-D332C0687043}.Debug|x86.Build.0 = Debug|Win32
		{82EB1B94-EEE8-4188-AB64-D332C0687043}.Release|x64.ActiveCfg = Release|x64
		{82EB1B94-EEE8-4188-AB64-D332C0687043}.Release|x64.Build.0 = Release|x64
		{82EB1B94-EEE8-4188-AB64-D332C0687043}.Release|x86.ActiveCfg = Release|Win32
		{82EB1B94-EEE8-4188-AB64-D332C0687043}.Release|x86.Build.0 = Release|Win32
		{291989F6-4CC6-4B63-81F4-2340D9884984}.Debug|x64.ActiveCfg = Debug|x64
		{291989F6-4CC6-4B63-81F4-2340D9884984}.Debug|x64.Build.0 = Debug|x64
		{291989F6-4CC6-4B63-81F4-2340D9884984}.Debug|x86.ActiveCfg = Debug|Win32
		{291989F6-4CC6-4B63-81F4-2340D9884984}.Debug|x86.Build.0 = Debug|Win32
		{291989F6-4CC6-4B63-81F4-2340D9884984}.Release|x64.ActiveCfg = Release|x64
		{291989F6-4CC6-4B63-81F4-2340D9884984}.Release|x64.Build.0 = Release|x64
		{291989F6-4CC6-4B63-81F4-2340D9884984}.Release|x86.ActiveCfg = Release|Win32
		{291989F6-4CC6-4B63-81F4-2340D9884984}.Release|x86.Build.0 = Release|Win32
		{7B9E09E8-AED7-4ED4-BBC9-C9B5D9811C82}.Debug|x64.ActiveCfg = Debug|x64
		{7B9E09E8-AED7-4ED4-BBC9-C9B5D9811C82}.Debug|x64.Build.0 = Debug|x64
		{7B9E09E8-AED7-4ED4-BBC9-C9B5D9811C82}.Debug|x86.ActiveCfg = Debug|Win32
		{7B9E09E8-AED7-4ED4-BBC9-C9B5D9811C82}.Debug|x86.Build.0 = Debug|Win32
		{7B9E09E8-AED7-4ED4-BBC9-C9B5D9811C82}.Release|x64.ActiveCfg = Release|x64
		{7B9E09E8-AED7-4ED4-BBC9-C9B5D9811C82}.Release|x64.Build.0 = Release|x64
		{7B9E09E8-AED7-4ED4-BBC9-C9B5D9811C82}.Release|x86.ActiveCfg = Release|Win32
		{7B9E09E8-AED7-4ED4-BBC9-C9B5D9811C82}.Release|x86.Build.0 = Release|Win32
		{CB3F92E2-6D40-4789-91F3-3B3DE028EEA7}.Debug|x64.ActiveCfg = Debug|x64
		{CB3F92E2-6D40-4789-91F3-3B3DE028EEA7}.Debug|x64.Build.0 = Debug|x64
		{CB3F92E2-6D40-4789-91F3-3B3DE028EEA7}.Debug|x86.ActiveCfg = Debug|Win32
		{CB3F92E2-6D40-4789-91F3-3B3DE028EEA7}.Debug|x86.Build.0 = Debug|Win32
		{CB3F92E2-6D40-4789-91F3-3B3DE028EEA7}.Release|x64.ActiveCfg = Release|x64
		{CB3F92E2-6D40-4789-91F3-3B3DE028EEA7}.Release|x64.Build.0 = Release|x64
		{CB3F92E2-6D40-4789-91F3-3B3DE028EEA7}.Release|x86.ActiveCfg = Release|Win32
		{CB3F92E2-6D40-4789-91F3-3B3DE028EEA7}.Release|x86.Build.0 = Release|Win32
		{5854EEEE-9C78-46B3-9E91-F2AE7E059B4E}.Debug|x64.ActiveCfg = Debug|x64
		{5854EEEE-9C78-46B3-9E91-F2AE7E059B4E}.Debug|x64.Build.0 = Debug|x64
		{5854EEEE-9C78-46B3-9E91-F2AE7E059B4E}.Debug|x86.ActiveCfg = Debug|Win32
		{5854EEEE-9C78-46B3-9E91-F2AE7E059B4E}.Debug|x86.Build.0 = Debug|Win32
		{5854EEEE-9C78-46B3-9E91-F2AE7E059B4E}.Release|x64.ActiveCfg = Release|x64
		{5854EEEE-9C78-46B3-9E91-F2AE7E059B4E}.Release|x64.Build.0 = Release|x64
		{5854EEEE-9C78-46B3-9E91-F2AE7E059B4E}.Release|x86.ActiveCfg = Release|Win32
		{5854EEEE-9C78-46B3-9E91-F2AE7E059B4E}.Release|x86.Build.0 = Release|Win32
		{DDDB2772-8B6B-41CD-88A8-220B44735931}.Debug|x64.ActiveCfg = Debug|x64
		{DDDB2772-8B6B-41CD-88A8-220B44735931}.Debug|x64.Build.0 = Debug|x64
		{DDDB2772-8B6B-41CD-88A8-220B44735931}.Debug|x86.ActiveCfg = Debug|Win32
		{DDDB2772-8B6B-41CD-88A8-220B44735931}.Debug|x86.Build.0 = Debug|Win32
		{DDDB2772-8B6B-41CD-88A8-220B44735931}.Release|x64.ActiveCfg = Release|x64
		{DDDB2772-8B6B-41CD-88A8-220B44735931}.Release|x64.Build.0 = Release|x64
		{DDDB2772-8B6B-41CD-88A8-220B44735931}.Release|x86.ActiveCfg = Release|Win32
		{DDDB2772-8B6B-41CD-88A8-220B44735931}.Release|x86.Build.0 = Release|Win32
		{9C45DA67-11CE-4245-817F-597FB3AB9F89}.Debug|x64.ActiveCfg = Debug|x64
		{9C45DA67-11CE-4245-817F-597FB3AB9F89}.Debug|x64.Build.0 = Debug|x64
		{9C45DA67-11CE-4245-817F-597FB3AB9F89}.Debug|x86.ActiveCfg = Debug|Win32
		{9C45DA67-11CE-4245-817F-597FB3AB9F89}.Debug|x86.Build.0 = Debug|Win32
		{9C45DA67-11CE-4245-817F-597FB3AB9F89}.Release|x64.ActiveCfg = Release|x64
		{9C45DA67-11CE-4245-817F-597FB3AB9F89}.Release|x64.Build.0 = Release|x64
		{9C45DA67-11CE-4245-817F-597FB3AB9F89}.Release|x86.ActiveCfg = Release|Win32
		{9C45DA67-11CE-4245-817F-597FB3AB9F89}.Release|x86.Build.0 = Release|Win32
		{04D0653B-DFBF-4DEA-B3BB-12E47224EAE7}.Debug|x64.ActiveCfg = Debug|x64
		{04D0653B-DFBF-4DEA-B3BB-12E47224EAE7}.Debug|x64.Build.0 = Debug|x64
		{04D0653B-DFBF-4DEA-B3BB-12E47224EAE7}.Debug|x86.ActiveCfg = Debug|Win32
		{04D0653B-DFBF-4DEA-B3BB-12E47224EAE7}.Debug|x86.Build.0 = Debug|Win32
		{04D0653B-DFBF-4DEA-B3BB-12E47224EAE7}.Release|x64.ActiveCfg = Release|x64
		{04D0653B-DFBF-4DEA-B3BB-12E47224EAE7}.Release|x64.Build.0 = Release|x64
		{04D0653B-DFBF-4DEA-B3BB-12E47224EAE7}.Release|x86.ActiveCfg = Release|Win32
		{04D0653B-DFBF-4DEA-B3BB-12E47224EAE7}.Release|x86.Build.0 = Release|Win32
		{342A6746-C5F5-4D16-9ADC-C0F402817508}.Debug|x64.ActiveCfg = Debug|x64
		{342A6746-C5F5-4D16-9ADC-C0F402817508}.Debug|x64.Build.0 = Debug|x64
		{342A6746-C5F5-4D16-9ADC-C0F402817508}.Debug|x86.ActiveCfg = Debug|Win32
		{342A6746-C5F5-4D16-9ADC-C0F402817508}.Debug|x86.Build.0 = Debug|Win32
		{342A6746-C5F5-4D16-9ADC-C0F402817508}.Release|x64.ActiveCfg = Release|x64
		{342A6746-C5F5-4D16-9ADC-C0F402817508}.Release|x64.Build.0 = Release|x64
		{342A6746-C5F5-4D16-9ADC-C0F402817508}.Release|x86.ActiveCfg = Release|Win32
		{342A6746-C5F5-4D16-9ADC-C0F402817508}.Release|x86.Build.0 = Release|Win32
		{1B4C6935-E1DD-478F-B044-26286653B9C9}.Debug|x64.ActiveCfg = Debug|x64
		{1B4C6935-E1DD-478F-B044-26286653B9C9}.Debug|x64.Build.0 = Debug|x64
		{1B4C6935-E1DD-478F-B044-26286653B9C9}.Debug|x86.ActiveCfg = Debug|Win32
		{1B4C6935-E1DD-478F-B044-26286653B9C9}.Debug|x86.Build.0 = Debug|Win32
		{1B4C6935-E1DD-478F-B044-26286653B9C9}.Release|x64.ActiveCfg = Release|x64
		{1B4C6935-E1DD-478F-B044-26286653B9C9}.Release|x64.Build.0 = Release|x64
		{1B4C6935-E1DD-478F-B044-26286653B9C9}.Release|x86.ActiveCfg = Release|Win32
		{1B4C6935-E1DD-478F-B044-26286653B9C9}.Release|x86.Build.0 = Release|Win32
		{E171A027-F94F-4D64-8BB3-8A02CFA1B252}.Debug|x64.ActiveCfg = Debug|x64
		{E171A027-F94F-4D64-8BB3-8A02CFA1B252}.Debug|x64.Build.0 = Debug|x64
		{E171A027-F94F-4D64-8BB3-8A02CFA1B252}.Debug|x86.ActiveCfg = Debug|Win32
		{E171A027-F94F-4D64-8BB3-8A02CFA1B252}.Debug|x86.Build.0 = Debug|Win32
		{E171A027-F94F-4D64-8BB3-8A02CFA1B252}.Release|x64.ActiveCfg = Release|x64
		{E171A027-F94F-4D64-8BB3-8A02CFA1B252}.Release|x64.Build.0 = Release|x64
		{E171A027-F94F-4D64-8BB3-8A02CFA1B252}.Release|x86.ActiveCfg = Release|Win32
		{E171A027-F94F-4D64-8BB3-8A02CFA1B252}.Release|x86.Build.0 = Release|Win32
	EndGlobalSection
	GlobalSection(SolutionProperties) = preSolution
		HideSolutionNode = FALSE
	EndGlobalSection
EndGlobal
