<?xml version="1.0" encoding="utf-8"?>
<Project ToolsVersion="4.0" xmlns="http://schemas.microsoft.com/developer/msbuild/2003">
  <ItemGroup>
    <Filter Include="Source Files">
      <UniqueIdentifier>{4FC737F1-C7A5-4376-A066-2A32D752A2FF}</UniqueIdentifier>
      <Extensions>cpp;c;cc;cxx;def;odl;idl;hpj;bat;asm;asmx</Extensions>
    </Filter>
    <Filter Include="Header Files">
      <UniqueIdentifier>{93995380-89BD-4b04-88EB-625FBE52EBFB}</UniqueIdentifier>
      <Extensions>h;hh;hpp;hxx;hm;inl;inc;xsd</Extensions>
    </Filter>
    <Filter Include="Resource Files">
      <UniqueIdentifier>{67DA6AB6-F800-4c08-8B7A-83BB121AAD01}</UniqueIdentifier>
      <Extensions>rc;ico;cur;bmp;dlg;rc2;rct;bin;rgs;gif;jpg;jpeg;jpe;resx;tiff;tif;png;wav;mfcribbon-ms</Extensions>
    </Filter>
    <Filter Include="Shaders">
      <UniqueIdentifier>{dc6c53eb-fdc9-4b14-9560-245280a749ef}</UniqueIdentifier>
    </Filter>
    <Filter Include="Common">
      <UniqueIdentifier>{53aaf2cf-03a7-4ea9-8dbe-5882cbe847d3}</UniqueIdentifier>
    </Filter>
  </ItemGroup>
  <ItemGroup>
    <ClCompile Include="Common\Camera.cpp">
      <Filter>Common</Filter>
    </ClCompile>
    <ClCompile Include="Common\Mesh.cpp">
      <Filter>Common</Filter>
    </ClCompile>
    <ClCompile Include="Common\Model.cpp">
      <Filter>Common</Filter>
    </ClCompile>
    <ClCompile Include="Common\PointLight.cpp">
      <Filter>Common</Filter>
    </ClCompile>
    <ClCompile Include="Common\Shader.cpp">
      <Filter>Common</Filter>
    </ClCompile>
    <ClCompile Include="Common\ShaderManager.cpp">
      <Filter>Common</Filter>
    </ClCompile>
    <ClCompile Include="Common\SpotLight.cpp">
      <Filter>Common</Filter>
    </ClCompile>
    <ClCompile Include="LearnOpenGL-Basic\Main.cpp">
      <Filter>Source Files</Filter>
    </ClCompile>
  </ItemGroup>
  <ItemGroup>
    <ClInclude Include="Common\Camera.h">
      <Filter>Common</Filter>
    </ClInclude>
    <ClInclude Include="Common\DirLight.h">
      <Filter>Common</Filter>
    </ClInclude>
    <ClInclude Include="Common\Light.h">
      <Filter>Common</Filter>
    </ClInclude>
    <ClInclude Include="Common\Material.h">
      <Filter>Common</Filter>
    </ClInclude>
    <ClInclude Include="Common\Mesh.h">
      <Filter>Common</Filter>
    </ClInclude>
    <ClInclude Include="Common\Model.h">
      <Filter>Common</Filter>
    </ClInclude>
    <ClInclude Include="Common\PointLight.h">
      <Filter>Common</Filter>
    </ClInclude>
    <ClInclude Include="Common\Shader.h">
      <Filter>Common</Filter>
    </ClInclude>
    <ClInclude Include="Common\ShaderManager.h">
      <Filter>Common</Filter>
    </ClInclude>
    <ClInclude Include="Common\SpotLight.h">
      <Filter>Common</Filter>
    </ClInclude>
  </ItemGroup>
  <ItemGroup>
    <None Include="Shaders\Simple3DShader.vs">
      <Filter>Shaders</Filter>
    </None>
    <None Include="Shaders\Simple3DShaderLightColor.vs">
      <Filter>Shaders</Filter>
    </None>
    <None Include="Shaders\Simple3DShaderLightTut.vs">
      <Filter>Shaders</Filter>
    </None>
    <None Include="Shaders\SimpleFragmentLightRep.frag">
      <Filter>Shaders</Filter>
    </None>
    <None Include="Shaders\SimpleFragmentShader.frag">
      <Filter>Shaders</Filter>
    </None>
    <None Include="Shaders\SimpleFragmentShader2.frag">
      <Filter>Shaders</Filter>
    </None>
    <None Include="Shaders\SimpleShaderLightColor.frag">
      <Filter>Shaders</Filter>
    </None>
    <None Include="Shaders\SimpleTextureShader.frag">
      <Filter>Shaders</Filter>
    </None>
    <None Include="Shaders\SimpleTextureShader.vs">
      <Filter>Shaders</Filter>
    </None>
    <None Include="Shaders\SimpleVertexColorShader.vs">
      <Filter>Shaders</Filter>
    </None>
    <None Include="Shaders\SimpleVertexShader.vs">
      <Filter>Shaders</Filter>
    </None>
    <None Include="Shaders\SimpleShaderFragDepth.frag">
      <Filter>Shaders</Filter>
    </None>
    <None Include="Shaders\ShaderSingleColor.frag">
      <Filter>Shaders</Filter>
    </None>
    <None Include="Shaders\SimpleTransparentTextureShader.frag">
      <Filter>Shaders</Filter>
    </None>
    <None Include="Shaders\ScreenShader.vs">
      <Filter>Shaders</Filter>
    </None>
    <None Include="Shaders\BaseScreenShader.frag">
      <Filter>Shaders</Filter>
    </None>
    <None Include="Shaders\InversionScreenShader.frag">
      <Filter>Shaders</Filter>
    </None>
    <None Include="Shaders\GrayscaleScreenShader.frag">
      <Filter>Shaders</Filter>
    </None>
    <None Include="Shaders\SharpenKernelScreenShader.frag">
      <Filter>Shaders</Filter>
    </None>
    <None Include="Shaders\SkyboxVertex.vs">
      <Filter>Shaders</Filter>
    </None>
    <None Include="Shaders\SkyboxFrag.frag">
      <Filter>Shaders</Filter>
    </None>
    <None Include="Shaders\SkyboxReflectionShader.vs">
      <Filter>Shaders</Filter>
    </None>
    <None Include="Shaders\SkyboxReflectionShader.frag">
      <Filter>Shaders</Filter>
    </None>
    <None Include="Shaders\SkyboxRefractionShader.vs">
      <Filter>Shaders</Filter>
    </None>
    <None Include="Shaders\SkyboxRefractionShader.frag">
      <Filter>Shaders</Filter>
    </None>
    <None Include="Shaders\ExplodingShader.gs">
      <Filter>Shaders</Filter>
    </None>
    <None Include="Shaders\ExplodingShader.vs">
      <Filter>Shaders</Filter>
    </None>
  </ItemGroup>
</Project>